{
  "version": 1,
  "dependencies": {
    "net10.0": {
      "Markdig": {
        "type": "Direct",
        "requested": "[0.45.0, )",
        "resolved": "0.45.0",
        "contentHash": "ObNLcA1b+0lpNNoEg256g9faMeJZi35wZW0AnKJ4nGPJe+5qkwnV26kUvQTHuanFnSX9SdvPzOO41BVJ6XarAg=="
      },
      "Spectre.Console": {
        "type": "Direct",
        "requested": "[0.54.0, )",
        "resolved": "0.54.0",
        "contentHash": "StDXCFayfy0yB1xzUHT2tgEpV1/HFTiS4JgsAQS49EYTfMixSwwucaQs/bIOCwXjWwIQTMuxjUIxcB5XsJkFJA=="
      },
      "TextMateSharp": {
        "type": "Direct",
        "requested": "[2.0.3, )",
        "resolved": "2.0.3",
        "contentHash": "w0wGeqlBi9SYrzxpS1DBcEfiVCs5NY18Yl5YBIsHzXTXQd0OLOh3mP4LRuFvcktR/1MG8nSBHSMJj0rFvrPk+A==",
        "dependencies": {
          "Onigwrap": "1.0.10"
        }
      },
      "TextMateSharp.Grammars": {
        "type": "Direct",
        "requested": "[2.0.3, )",
        "resolved": "2.0.3",
        "contentHash": "qkI1ogusuyGCGTgeyhljDM+GEfATOexoUTqLIgSb5P0ojmfhRXWfSTRXXJRpZkLDErShJ7RWOb+p10lHfhhO+Q==",
        "dependencies": {
          "TextMateSharp": "2.0.3"
        }
      },
      "Onigwrap": {
        "type": "Transitive",
        "resolved": "1.0.10",
        "contentHash": "eujNEpEhCl4UiqHTG0CeG/sWS8v/iYXGqUpaVkgBmYRZp3Utmz/aw38fuFL2rcnhj1FNfHwHaxGDeLY34a3nEA=="
      }
    }
  }
}