
Microsoft Visual Studio Solution File, Format Version 12.00
Project("{FAE04EC0-301F-11D3-BF4B-00C04F79EFBC}") = "MDView", "MDView\MDView.csproj", "{F5CAE72D-530D-425B-B159-A325A3982275}"
EndProject
Global
	GlobalSection(SolutionConfigurationPlatforms) = preSolution
		Debug|Any CPU = Debug|Any CPU
		Release|Any CPU = Release|Any CPU
	EndGlobalSection
	GlobalSection(ProjectConfigurationPlatforms) = postSolution
		{F5CAE72D-530D-425B-B159-A325A3982275}.Debug|Any CPU.ActiveCfg = Debug|Any CPU
		{F5CAE72D-530D-425B-B159-A325A3982275}.Debug|Any CPU.Build.0 = Debug|Any CPU
		{F5CAE72D-530D-425B-B159-A325A3982275}.Release|Any CPU.ActiveCfg = Release|Any CPU
		{F5CAE72D-530D-425B-B159-A325A3982275}.Release|Any CPU.Build.0 = Release|Any CPU
	EndGlobalSection
EndGlobal
